
Microsoft Visual Studio Solution File, Format Version 12.00
# Visual Studio Version 17
VisualStudioVersion = 17.0.31903.59
MinimumVisualStudioVersion = 10.0.40219.1
Project("{2150E333-8FDC-42A3-9474-1A3956D46DE8}") = "src", "src", "{22433DCA-2F0D-4BA9-8637-B660CFCD6A9D}"
EndProject
Project("{FAE04EC0-301F-11D3-BF4B-00C04F79EFBC}") = "MySpot.Api", "src\MySpot.Api\MySpot.Api.csproj", "{9FF0EB33-448F-4E97-9BBF-46453E843557}"
EndProject
Project("{2150E333-8FDC-42A3-9474-1A3956D46DE8}") = "tests", "tests", "{5B0838D8-D5E5-4B68-9218-D4C8D3434F03}"
EndProject
Project("{2150E333-8FDC-42A3-9474-1A3956D46DE8}") = "1 Api", "1 Api", "{4459D66E-BEF9-430F-B39C-1F89BB7EE82B}"
EndProject
Project("{2150E333-8FDC-42A3-9474-1A3956D46DE8}") = "3 Infrastructure", "3 Infrastructure", "{F017E454-26F1-4F03-B549-E82FDD7C5DDE}"
EndProject
Project("{2150E333-8FDC-42A3-9474-1A3956D46DE8}") = "4 Domain", "4 Domain", "{9863E67E-ACE8-41F4-BA3B-9DB0240D341E}"
EndProject
Project("{2150E333-8FDC-42A3-9474-1A3956D46DE8}") = "2 Application", "2 Application", "{8E240928-CE88-4145-8EBB-CDA5D3BB9E54}"
EndProject
Project("{FAE04EC0-301F-11D3-BF4B-00C04F79EFBC}") = "MySpot.Domain.Data", "src\MySpot.Domain.Data\MySpot.Domain.Data.csproj", "{677DD34C-F8C7-402E-A503-EDD334BC5DF8}"
EndProject
Project("{FAE04EC0-301F-11D3-BF4B-00C04F79EFBC}") = "MySpot.Domain", "src\MySpot.Domain\MySpot.Domain.csproj", "{D611A355-2B99-455D-99E9-DB5CBF26F717}"
EndProject
Project("{FAE04EC0-301F-11D3-BF4B-00C04F79EFBC}") = "MySpot.Infrastructure.Data", "src\MySpot.Infrastructure.Data\MySpot.Infrastructure.Data.csproj", "{34F7AFF5-CB55-498E-AC83-0F17AF465B5B}"
EndProject
Project("{FAE04EC0-301F-11D3-BF4B-00C04F79EFBC}") = "MySpot.Application.Services", "src\MySpot.Application.Services\MySpot.Application.Services.csproj", "{AD4C90A3-EA3B-46D0-A205-B872DDA6BA74}"
EndProject
Project("{FAE04EC0-301F-11D3-BF4B-00C04F79EFBC}") = "MySpot.Infrastructure.Logging", "src\MySpot.Infrastructure.Logging\MySpot.Infrastructure.Logging.csproj", "{95678B09-80A6-42A2-9292-5207B0530187}"
EndProject
Project("{FAE04EC0-301F-11D3-BF4B-00C04F79EFBC}") = "MySpot.Domain.Api", "src\MySpot.Domain.Api\MySpot.Domain.Api.csproj", "{125D7483-2C7F-4EE5-8D20-AE9AF3811660}"
EndProject
Project("{FAE04EC0-301F-11D3-BF4B-00C04F79EFBC}") = "MySpot.Application.HostedServices", "src\MySpot.Application.HostedServices\MySpot.Application.HostedServices.csproj", "{6B9D496B-447B-406E-A558-775DCB34DB39}"
EndProject
Global
	GlobalSection(SolutionConfigurationPlatforms) = preSolution
		Debug|Any CPU = Debug|Any CPU
		Release|Any CPU = Release|Any CPU
	EndGlobalSection
	GlobalSection(SolutionProperties) = preSolution
		HideSolutionNode = FALSE
	EndGlobalSection
	GlobalSection(ProjectConfigurationPlatforms) = postSolution
		{9FF0EB33-448F-4E97-9BBF-46453E843557}.Debug|Any CPU.ActiveCfg = Debug|Any CPU
		{9FF0EB33-448F-4E97-9BBF-46453E843557}.Debug|Any CPU.Build.0 = Debug|Any CPU
		{9FF0EB33-448F-4E97-9BBF-46453E843557}.Release|Any CPU.ActiveCfg = Release|Any CPU
		{9FF0EB33-448F-4E97-9BBF-46453E843557}.Release|Any CPU.Build.0 = Release|Any CPU
		{677DD34C-F8C7-402E-A503-EDD334BC5DF8}.Debug|Any CPU.ActiveCfg = Debug|Any CPU
		{677DD34C-F8C7-402E-A503-EDD334BC5DF8}.Debug|Any CPU.Build.0 = Debug|Any CPU
		{677DD34C-F8C7-402E-A503-EDD334BC5DF8}.Release|Any CPU.ActiveCfg = Release|Any CPU
		{677DD34C-F8C7-402E-A503-EDD334BC5DF8}.Release|Any CPU.Build.0 = Release|Any CPU
		{D611A355-2B99-455D-99E9-DB5CBF26F717}.Debug|Any CPU.ActiveCfg = Debug|Any CPU
		{D611A355-2B99-455D-99E9-DB5CBF26F717}.Debug|Any CPU.Build.0 = Debug|Any CPU
		{D611A355-2B99-455D-99E9-DB5CBF26F717}.Release|Any CPU.ActiveCfg = Release|Any CPU
		{D611A355-2B99-455D-99E9-DB5CBF26F717}.Release|Any CPU.Build.0 = Release|Any CPU
		{34F7AFF5-CB55-498E-AC83-0F17AF465B5B}.Debug|Any CPU.ActiveCfg = Debug|Any CPU
		{34F7AFF5-CB55-498E-AC83-0F17AF465B5B}.Debug|Any CPU.Build.0 = Debug|Any CPU
		{34F7AFF5-CB55-498E-AC83-0F17AF465B5B}.Release|Any CPU.ActiveCfg = Release|Any CPU
		{34F7AFF5-CB55-498E-AC83-0F17AF465B5B}.Release|Any CPU.Build.0 = Release|Any CPU
		{AD4C90A3-EA3B-46D0-A205-B872DDA6BA74}.Debug|Any CPU.ActiveCfg = Debug|Any CPU
		{AD4C90A3-EA3B-46D0-A205-B872DDA6BA74}.Debug|Any CPU.Build.0 = Debug|Any CPU
		{AD4C90A3-EA3B-46D0-A205-B872DDA6BA74}.Release|Any CPU.ActiveCfg = Release|Any CPU
		{AD4C90A3-EA3B-46D0-A205-B872DDA6BA74}.Release|Any CPU.Build.0 = Release|Any CPU
		{95678B09-80A6-42A2-9292-5207B0530187}.Debug|Any CPU.ActiveCfg = Debug|Any CPU
		{95678B09-80A6-42A2-9292-5207B0530187}.Debug|Any CPU.Build.0 = Debug|Any CPU
		{95678B09-80A6-42A2-9292-5207B0530187}.Release|Any CPU.ActiveCfg = Release|Any CPU
		{95678B09-80A6-42A2-9292-5207B0530187}.Release|Any CPU.Build.0 = Release|Any CPU
		{125D7483-2C7F-4EE5-8D20-AE9AF3811660}.Debug|Any CPU.ActiveCfg = Debug|Any CPU
		{125D7483-2C7F-4EE5-8D20-AE9AF3811660}.Debug|Any CPU.Build.0 = Debug|Any CPU
		{125D7483-2C7F-4EE5-8D20-AE9AF3811660}.Release|Any CPU.ActiveCfg = Release|Any CPU
		{125D7483-2C7F-4EE5-8D20-AE9AF3811660}.Release|Any CPU.Build.0 = Release|Any CPU
		{6B9D496B-447B-406E-A558-775DCB34DB39}.Debug|Any CPU.ActiveCfg = Debug|Any CPU
		{6B9D496B-447B-406E-A558-775DCB34DB39}.Debug|Any CPU.Build.0 = Debug|Any CPU
		{6B9D496B-447B-406E-A558-775DCB34DB39}.Release|Any CPU.ActiveCfg = Release|Any CPU
		{6B9D496B-447B-406E-A558-775DCB34DB39}.Release|Any CPU.Build.0 = Release|Any CPU
	EndGlobalSection
	GlobalSection(NestedProjects) = preSolution
		{4459D66E-BEF9-430F-B39C-1F89BB7EE82B} = {22433DCA-2F0D-4BA9-8637-B660CFCD6A9D}
		{F017E454-26F1-4F03-B549-E82FDD7C5DDE} = {22433DCA-2F0D-4BA9-8637-B660CFCD6A9D}
		{9863E67E-ACE8-41F4-BA3B-9DB0240D341E} = {22433DCA-2F0D-4BA9-8637-B660CFCD6A9D}
		{9FF0EB33-448F-4E97-9BBF-46453E843557} = {4459D66E-BEF9-430F-B39C-1F89BB7EE82B}
		{8E240928-CE88-4145-8EBB-CDA5D3BB9E54} = {22433DCA-2F0D-4BA9-8637-B660CFCD6A9D}
		{677DD34C-F8C7-402E-A503-EDD334BC5DF8} = {9863E67E-ACE8-41F4-BA3B-9DB0240D341E}
		{D611A355-2B99-455D-99E9-DB5CBF26F717} = {9863E67E-ACE8-41F4-BA3B-9DB0240D341E}
		{34F7AFF5-CB55-498E-AC83-0F17AF465B5B} = {F017E454-26F1-4F03-B549-E82FDD7C5DDE}
		{95678B09-80A6-42A2-9292-5207B0530187} = {F017E454-26F1-4F03-B549-E82FDD7C5DDE}
		{AD4C90A3-EA3B-46D0-A205-B872DDA6BA74} = {8E240928-CE88-4145-8EBB-CDA5D3BB9E54}
		{125D7483-2C7F-4EE5-8D20-AE9AF3811660} = {9863E67E-ACE8-41F4-BA3B-9DB0240D341E}
		{6B9D496B-447B-406E-A558-775DCB34DB39} = {8E240928-CE88-4145-8EBB-CDA5D3BB9E54}
	EndGlobalSection
EndGlobal
